
Microsoft Visual Studio Solution File, Format Version 11.00
# Visual Web Developer Express 2010
Project("{FAE04EC0-301F-11D3-BF4B-00C04F79EFBC}") = "halipinio", "halipinio\halipinio.csproj", "{BC1CC9DD-C7F0-48D2-9EEF-648BCC156D89}"
EndProject
Global
	GlobalSection(SolutionConfigurationPlatforms) = preSolution
		Debug|Any CPU = Debug|Any CPU
		Release|Any CPU = Release|Any CPU
	EndGlobalSection
	GlobalSection(ProjectConfigurationPlatforms) = postSolution
		{BC1CC9DD-C7F0-48D2-9EEF-648BCC156D89}.Debug|Any CPU.ActiveCfg = Debug|Any CPU
		{BC1CC9DD-C7F0-48D2-9EEF-648BCC156D89}.Debug|Any CPU.Build.0 = Debug|Any CPU
		{BC1CC9DD-C7F0-48D2-9EEF-648BCC156D89}.Release|Any CPU.ActiveCfg = Release|Any CPU
		{BC1CC9DD-C7F0-48D2-9EEF-648BCC156D89}.Release|Any CPU.Build.0 = Release|Any CPU
	EndGlobalSection
	GlobalSection(SolutionProperties) = preSolution
		HideSolutionNode = FALSE
	EndGlobalSection
EndGlobal
